
Microsoft Visual Studio Solution File, Format Version 12.00
# Visual Studio Version 17
VisualStudioVersion = 17.9.34723.18
MinimumVisualStudioVersion = 10.0.40219.1
Project("{FAE04EC0-301F-11D3-BF4B-00C04F79EFBC}") = "SILEX", "SILEX\SILEX.csproj", "{12F4BC91-70AF-4D4E-BD50-0CFFC88DAE41}"
EndProject
Global
	GlobalSection(SolutionConfigurationPlatforms) = preSolution
		Debug|Any CPU = Debug|Any CPU
		Release|Any CPU = Release|Any CPU
	EndGlobalSection
	GlobalSection(ProjectConfigurationPlatforms) = postSolution
		{12F4BC91-70AF-4D4E-BD50-0CFFC88DAE41}.Debug|Any CPU.ActiveCfg = Debug|Any CPU
		{12F4BC91-70AF-4D4E-BD50-0CFFC88DAE41}.Debug|Any CPU.Build.0 = Debug|Any CPU
		{12F4BC91-70AF-4D4E-BD50-0CFFC88DAE41}.Release|Any CPU.ActiveCfg = Release|Any CPU
		{12F4BC91-70AF-4D4E-BD50-0CFFC88DAE41}.Release|Any CPU.Build.0 = Release|Any CPU
	EndGlobalSection
	GlobalSection(SolutionProperties) = preSolution
		HideSolutionNode = FALSE
	EndGlobalSection
	GlobalSection(ExtensibilityGlobals) = postSolution
		SolutionGuid = {2AD848AA-99D8-4252-9274-8EB5425C6501}
	EndGlobalSection
EndGlobal
